
Microsoft Visual Studio Solution File, Format Version 12.00
# Visual Studio 15
VisualStudioVersion = 15.0.28307.489
MinimumVisualStudioVersion = 10.0.40219.1
Project("{FAE04EC0-301F-11D3-BF4B-00C04F79EFBC}") = "WebApplicationLeasons1", "WebApplicationLeasons1\WebApplicationLeasons1.csproj", "{2E66B743-7F49-422E-A3F9-EBF3ECEA421C}"
EndProject
Project("{FAE04EC0-301F-11D3-BF4B-00C04F79EFBC}") = "App.Domain", "App.Domain\App.Domain.csproj", "{6DD18DED-7ED8-48E3-9E43-6064551AC583}"
EndProject
Project("{FAE04EC0-301F-11D3-BF4B-00C04F79EFBC}") = "App.Data", "App.Data\App.Data.csproj", "{05F73EE3-C000-46CC-AE3A-3201E9C88A0F}"
EndProject
Global
	GlobalSection(SolutionConfigurationPlatforms) = preSolution
		Debug|Any CPU = Debug|Any CPU
		Release|Any CPU = Release|Any CPU
	EndGlobalSection
	GlobalSection(ProjectConfigurationPlatforms) = postSolution
		{2E66B743-7F49-422E-A3F9-EBF3ECEA421C}.Debug|Any CPU.ActiveCfg = Debug|Any CPU
		{2E66B743-7F49-422E-A3F9-EBF3ECEA421C}.Debug|Any CPU.Build.0 = Debug|Any CPU
		{2E66B743-7F49-422E-A3F9-EBF3ECEA421C}.Release|Any CPU.ActiveCfg = Release|Any CPU
		{2E66B743-7F49-422E-A3F9-EBF3ECEA421C}.Release|Any CPU.Build.0 = Release|Any CPU
		{6DD18DED-7ED8-48E3-9E43-6064551AC583}.Debug|Any CPU.ActiveCfg = Debug|Any CPU
		{6DD18DED-7ED8-48E3-9E43-6064551AC583}.Debug|Any CPU.Build.0 = Debug|Any CPU
		{6DD18DED-7ED8-48E3-9E43-6064551AC583}.Release|Any CPU.ActiveCfg = Release|Any CPU
		{6DD18DED-7ED8-48E3-9E43-6064551AC583}.Release|Any CPU.Build.0 = Release|Any CPU
		{05F73EE3-C000-46CC-AE3A-3201E9C88A0F}.Debug|Any CPU.ActiveCfg = Debug|Any CPU
		{05F73EE3-C000-46CC-AE3A-3201E9C88A0F}.Debug|Any CPU.Build.0 = Debug|Any CPU
		{05F73EE3-C000-46CC-AE3A-3201E9C88A0F}.Release|Any CPU.ActiveCfg = Release|Any CPU
		{05F73EE3-C000-46CC-AE3A-3201E9C88A0F}.Release|Any CPU.Build.0 = Release|Any CPU
	EndGlobalSection
	GlobalSection(SolutionProperties) = preSolution
		HideSolutionNode = FALSE
	EndGlobalSection
	GlobalSection(ExtensibilityGlobals) = postSolution
		SolutionGuid = {7470F8C2-A206-42AF-AA53-A4C26BCEA04B}
	EndGlobalSection
EndGlobal
